{
  "object": {
    "pins": [
      {
        "package": "FoundationExtensions",
        "repositoryURL": "https://github.com/teufelaudio/FoundationExtensions.git",
        "state": {
          "branch": null,
          "revision": "c030f2323ca29b9c41ecc9d5f467dcc1bb1db17a",
          "version": "0.1.5"
        }
      }
    ]
  },
  "version": 1
}
