{
  "object": {
    "pins": [
      {
        "package": "FoundationExtensions",
        "repositoryURL": "https://github.com/teufelaudio/FoundationExtensions.git",
        "state": {
          "branch": null,
          "revision": "79ebeb6b47b41f3423ac995638eba5788b373b5d",
          "version": "0.1.17"
        }
      }
    ]
  },
  "version": 1
}
