{
  "originHash" : "9f1c3368eadd193017b1ea6794bb687f0d41924091f18099d11ca2afabcaaa53",
  "pins" : [
    {
      "identity" : "foundationextensions",
      "kind" : "remoteSourceControl",
      "location" : "https://github.com/teufelaudio/FoundationExtensions.git",
      "state" : {
        "revision" : "f664fd15bf661193b2595bdcf8d7fc6eadb94fe2",
        "version" : "1.0.0"
      }
    }
  ],
  "version" : 3
}
